
Microsoft Visual Studio Solution File, Format Version 12.00
# Visual Studio 15
VisualStudioVersion = 15.0.27428.1
MinimumVisualStudioVersion = 10.0.40219.1
Project("{9092AA53-FB77-4645-B42D-1CCCA6BD08BD}") = "admin-page", "admin-page\admin-page.njsproj", "{955235B9-330F-4E06-9E40-5ECAE2ADD06B}"
EndProject
Global
	GlobalSection(SolutionConfigurationPlatforms) = preSolution
		Debug|Any CPU = Debug|Any CPU
		Release|Any CPU = Release|Any CPU
	EndGlobalSection
	GlobalSection(ProjectConfigurationPlatforms) = postSolution
		{955235B9-330F-4E06-9E40-5ECAE2ADD06B}.Debug|Any CPU.ActiveCfg = Debug|Any CPU
		{955235B9-330F-4E06-9E40-5ECAE2ADD06B}.Debug|Any CPU.Build.0 = Debug|Any CPU
		{955235B9-330F-4E06-9E40-5ECAE2ADD06B}.Release|Any CPU.ActiveCfg = Release|Any CPU
		{955235B9-330F-4E06-9E40-5ECAE2ADD06B}.Release|Any CPU.Build.0 = Release|Any CPU
	EndGlobalSection
	GlobalSection(SolutionProperties) = preSolution
		HideSolutionNode = FALSE
	EndGlobalSection
	GlobalSection(ExtensibilityGlobals) = postSolution
		SolutionGuid = {E4F3DBCD-37B6-4D02-9E53-1B53304210F7}
	EndGlobalSection
EndGlobal
